
Microsoft Visual Studio Solution File, Format Version 11.00
# Visual Studio 2010
Project("{FAE04EC0-301F-11D3-BF4B-00C04F79EFBC}") = "TalesGenerator.Core", "TalesGenerator.Core\TalesGenerator.Core.csproj", "{E891914B-7804-4874-B084-027C2B3D59F8}"
EndProject
Project("{FAE04EC0-301F-11D3-BF4B-00C04F79EFBC}") = "TalesGenerator.UI", "TalesGenerator.UI\TalesGenerator.UI.csproj", "{8E22E3DC-A3DC-4B38-9BD1-C2219899D805}"
EndProject
Project("{FAE04EC0-301F-11D3-BF4B-00C04F79EFBC}") = "TalesGenerator.Test", "Test.Core\TalesGenerator.Test.csproj", "{A5A28AEA-5248-47F5-89CF-080E6141B195}"
EndProject
Project("{2150E333-8FDC-42A3-9474-1A3956D46DE8}") = "Solution Items", "Solution Items", "{FA32A6C7-C801-4268-9CE3-E3292E963CA0}"
	ProjectSection(SolutionItems) = preProject
		TalesGenerator1.vsmdi = TalesGenerator1.vsmdi
	EndProjectSection
EndProject
Project("{8BC9CEB8-8B4A-11D0-8D11-00A0C91BC942}") = "TalesGenerator.TextAnalyzer", "TalesGenerator.TextAnalyzer\TalesGenerator.TextAnalyzer.vcxproj", "{D92C6786-4A80-4D5B-B1E4-535F39437B94}"
EndProject
Project("{FAE04EC0-301F-11D3-BF4B-00C04F79EFBC}") = "TalesGenerator.ConsoleTest", "TalesGenerator.ConsoleTest\TalesGenerator.ConsoleTest.csproj", "{AC37A4D3-6276-45E1-A016-E8AB19C0F629}"
EndProject
Project("{FAE04EC0-301F-11D3-BF4B-00C04F79EFBC}") = "TalesGenerator.Text.Plugins.TemplatePlugin", "TalesGenerator.Text.Plugins.TemplatePlugin\TalesGenerator.Text.Plugins.TemplatePlugin.csproj", "{C61B19FD-773B-455B-8788-EEBB6DE660E7}"
EndProject
Project("{FAE04EC0-301F-11D3-BF4B-00C04F79EFBC}") = "TalesGenerator.Text", "TalesGenerator.Text\TalesGenerator.Text.csproj", "{A79AA6D0-19B3-4C24-A989-57FC1847DAF6}"
EndProject
Project("{FAE04EC0-301F-11D3-BF4B-00C04F79EFBC}") = "TalesGenerator.Text.Plugins.TemplatePluginEx", "TalesGenerator.Text.Plugins.TemplatePluginEx\TalesGenerator.Text.Plugins.TemplatePluginEx.csproj", "{E3554125-7DEE-42F5-810D-6EF527A78E02}"
EndProject
Global
	GlobalSection(TestCaseManagementSettings) = postSolution
		CategoryFile = TalesGenerator1.vsmdi
	EndGlobalSection
	GlobalSection(SolutionConfigurationPlatforms) = preSolution
		Debug|Any CPU = Debug|Any CPU
		Debug|x86 = Debug|x86
		Release|Any CPU = Release|Any CPU
		Release|x86 = Release|x86
	EndGlobalSection
	GlobalSection(ProjectConfigurationPlatforms) = postSolution
		{E891914B-7804-4874-B084-027C2B3D59F8}.Debug|Any CPU.ActiveCfg = Debug|Any CPU
		{E891914B-7804-4874-B084-027C2B3D59F8}.Debug|Any CPU.Build.0 = Debug|Any CPU
		{E891914B-7804-4874-B084-027C2B3D59F8}.Debug|x86.ActiveCfg = Debug|x86
		{E891914B-7804-4874-B084-027C2B3D59F8}.Debug|x86.Build.0 = Debug|x86
		{E891914B-7804-4874-B084-027C2B3D59F8}.Release|Any CPU.ActiveCfg = Release|Any CPU
		{E891914B-7804-4874-B084-027C2B3D59F8}.Release|Any CPU.Build.0 = Release|Any CPU
		{E891914B-7804-4874-B084-027C2B3D59F8}.Release|x86.ActiveCfg = Release|x86
		{E891914B-7804-4874-B084-027C2B3D59F8}.Release|x86.Build.0 = Release|x86
		{8E22E3DC-A3DC-4B38-9BD1-C2219899D805}.Debug|Any CPU.ActiveCfg = Debug|x86
		{8E22E3DC-A3DC-4B38-9BD1-C2219899D805}.Debug|Any CPU.Build.0 = Debug|x86
		{8E22E3DC-A3DC-4B38-9BD1-C2219899D805}.Debug|x86.ActiveCfg = Debug|x86
		{8E22E3DC-A3DC-4B38-9BD1-C2219899D805}.Debug|x86.Build.0 = Debug|x86
		{8E22E3DC-A3DC-4B38-9BD1-C2219899D805}.Release|Any CPU.ActiveCfg = Release|x86
		{8E22E3DC-A3DC-4B38-9BD1-C2219899D805}.Release|Any CPU.Build.0 = Release|x86
		{8E22E3DC-A3DC-4B38-9BD1-C2219899D805}.Release|x86.ActiveCfg = Release|x86
		{8E22E3DC-A3DC-4B38-9BD1-C2219899D805}.Release|x86.Build.0 = Release|x86
		{A5A28AEA-5248-47F5-89CF-080E6141B195}.Debug|Any CPU.ActiveCfg = Core.Debug|Any CPU
		{A5A28AEA-5248-47F5-89CF-080E6141B195}.Debug|Any CPU.Build.0 = Core.Debug|Any CPU
		{A5A28AEA-5248-47F5-89CF-080E6141B195}.Debug|x86.ActiveCfg = Core.Debug|Any CPU
		{A5A28AEA-5248-47F5-89CF-080E6141B195}.Release|Any CPU.ActiveCfg = Core.Release|Any CPU
		{A5A28AEA-5248-47F5-89CF-080E6141B195}.Release|Any CPU.Build.0 = Core.Release|Any CPU
		{A5A28AEA-5248-47F5-89CF-080E6141B195}.Release|x86.ActiveCfg = Core.Release|Any CPU
		{D92C6786-4A80-4D5B-B1E4-535F39437B94}.Debug|Any CPU.ActiveCfg = Debug|Win32
		{D92C6786-4A80-4D5B-B1E4-535F39437B94}.Debug|Any CPU.Build.0 = Debug|Win32
		{D92C6786-4A80-4D5B-B1E4-535F39437B94}.Debug|x86.ActiveCfg = Debug|Win32
		{D92C6786-4A80-4D5B-B1E4-535F39437B94}.Debug|x86.Build.0 = Debug|Win32
		{D92C6786-4A80-4D5B-B1E4-535F39437B94}.Release|Any CPU.ActiveCfg = Release|Win32
		{D92C6786-4A80-4D5B-B1E4-535F39437B94}.Release|Any CPU.Build.0 = Release|Win32
		{D92C6786-4A80-4D5B-B1E4-535F39437B94}.Release|x86.ActiveCfg = Release|Win32
		{D92C6786-4A80-4D5B-B1E4-535F39437B94}.Release|x86.Build.0 = Release|Win32
		{AC37A4D3-6276-45E1-A016-E8AB19C0F629}.Debug|Any CPU.ActiveCfg = Debug|x86
		{AC37A4D3-6276-45E1-A016-E8AB19C0F629}.Debug|Any CPU.Build.0 = Debug|x86
		{AC37A4D3-6276-45E1-A016-E8AB19C0F629}.Debug|x86.ActiveCfg = Debug|x86
		{AC37A4D3-6276-45E1-A016-E8AB19C0F629}.Debug|x86.Build.0 = Debug|x86
		{AC37A4D3-6276-45E1-A016-E8AB19C0F629}.Release|Any CPU.ActiveCfg = Release|x86
		{AC37A4D3-6276-45E1-A016-E8AB19C0F629}.Release|Any CPU.Build.0 = Release|x86
		{AC37A4D3-6276-45E1-A016-E8AB19C0F629}.Release|x86.ActiveCfg = Release|x86
		{AC37A4D3-6276-45E1-A016-E8AB19C0F629}.Release|x86.Build.0 = Release|x86
		{C61B19FD-773B-455B-8788-EEBB6DE660E7}.Debug|Any CPU.ActiveCfg = Debug|Any CPU
		{C61B19FD-773B-455B-8788-EEBB6DE660E7}.Debug|Any CPU.Build.0 = Debug|Any CPU
		{C61B19FD-773B-455B-8788-EEBB6DE660E7}.Debug|x86.ActiveCfg = Debug|x86
		{C61B19FD-773B-455B-8788-EEBB6DE660E7}.Debug|x86.Build.0 = Debug|x86
		{C61B19FD-773B-455B-8788-EEBB6DE660E7}.Release|Any CPU.ActiveCfg = Release|Any CPU
		{C61B19FD-773B-455B-8788-EEBB6DE660E7}.Release|Any CPU.Build.0 = Release|Any CPU
		{C61B19FD-773B-455B-8788-EEBB6DE660E7}.Release|x86.ActiveCfg = Release|x86
		{C61B19FD-773B-455B-8788-EEBB6DE660E7}.Release|x86.Build.0 = Release|x86
		{A79AA6D0-19B3-4C24-A989-57FC1847DAF6}.Debug|Any CPU.ActiveCfg = Debug|Any CPU
		{A79AA6D0-19B3-4C24-A989-57FC1847DAF6}.Debug|Any CPU.Build.0 = Debug|Any CPU
		{A79AA6D0-19B3-4C24-A989-57FC1847DAF6}.Debug|x86.ActiveCfg = Debug|x86
		{A79AA6D0-19B3-4C24-A989-57FC1847DAF6}.Debug|x86.Build.0 = Debug|x86
		{A79AA6D0-19B3-4C24-A989-57FC1847DAF6}.Release|Any CPU.ActiveCfg = Release|Any CPU
		{A79AA6D0-19B3-4C24-A989-57FC1847DAF6}.Release|Any CPU.Build.0 = Release|Any CPU
		{A79AA6D0-19B3-4C24-A989-57FC1847DAF6}.Release|x86.ActiveCfg = Release|x86
		{A79AA6D0-19B3-4C24-A989-57FC1847DAF6}.Release|x86.Build.0 = Release|x86
		{E3554125-7DEE-42F5-810D-6EF527A78E02}.Debug|Any CPU.ActiveCfg = Debug|Any CPU
		{E3554125-7DEE-42F5-810D-6EF527A78E02}.Debug|Any CPU.Build.0 = Debug|Any CPU
		{E3554125-7DEE-42F5-810D-6EF527A78E02}.Debug|x86.ActiveCfg = Debug|x86
		{E3554125-7DEE-42F5-810D-6EF527A78E02}.Debug|x86.Build.0 = Debug|x86
		{E3554125-7DEE-42F5-810D-6EF527A78E02}.Release|Any CPU.ActiveCfg = Release|Any CPU
		{E3554125-7DEE-42F5-810D-6EF527A78E02}.Release|Any CPU.Build.0 = Release|Any CPU
		{E3554125-7DEE-42F5-810D-6EF527A78E02}.Release|x86.ActiveCfg = Release|x86
		{E3554125-7DEE-42F5-810D-6EF527A78E02}.Release|x86.Build.0 = Release|x86
	EndGlobalSection
	GlobalSection(SolutionProperties) = preSolution
		HideSolutionNode = FALSE
	EndGlobalSection
EndGlobal
